# THIS IS AN AUTOGENERATED FILE. DO NOT EDIT THIS FILE DIRECTLY.
# yarn lockfile v1


"cookieconsent@3":
  "integrity" "sha512-v8JWLJcI7Zs9NWrs8hiVldVtm3EBF70TJI231vxn6YToBGj0c9dvdnYwltydkAnrbBMOM/qX1xLFrnTfm5wTag=="
  "resolved" "https://registry.npmjs.org/cookieconsent/-/cookieconsent-3.1.1.tgz"
  "version" "3.1.1"
